
Microsoft Visual Studio Solution File, Format Version 12.00
# Visual Studio Version 17
VisualStudioVersion = 17.4.33122.133
MinimumVisualStudioVersion = 10.0.40219.1
Project("{9A19103F-16F7-4668-BE54-9A1E7A4F7556}") = "CUBE_Dev_App-Server_API", "CUBE_Dev_App-Server_API\CUBE_Dev_App-Server_API.csproj", "{414657FA-7DC6-4F11-BE37-CF5ECAC06FC8}"
EndProject
Global
	GlobalSection(SolutionConfigurationPlatforms) = preSolution
		Debug|Any CPU = Debug|Any CPU
		Release|Any CPU = Release|Any CPU
	EndGlobalSection
	GlobalSection(ProjectConfigurationPlatforms) = postSolution
		{414657FA-7DC6-4F11-BE37-CF5ECAC06FC8}.Debug|Any CPU.ActiveCfg = Debug|Any CPU
		{414657FA-7DC6-4F11-BE37-CF5ECAC06FC8}.Debug|Any CPU.Build.0 = Debug|Any CPU
		{414657FA-7DC6-4F11-BE37-CF5ECAC06FC8}.Release|Any CPU.ActiveCfg = Release|Any CPU
		{414657FA-7DC6-4F11-BE37-CF5ECAC06FC8}.Release|Any CPU.Build.0 = Release|Any CPU
	EndGlobalSection
	GlobalSection(SolutionProperties) = preSolution
		HideSolutionNode = FALSE
	EndGlobalSection
	GlobalSection(ExtensibilityGlobals) = postSolution
		SolutionGuid = {686CB528-81C4-42E6-859C-0A89464E8980}
	EndGlobalSection
EndGlobal
